
Microsoft Visual Studio Solution File, Format Version 12.00
# Visual Studio Version 17
VisualStudioVersion = 17.5.33516.290
MinimumVisualStudioVersion = 10.0.40219.1
Project("{FAE04EC0-301F-11D3-BF4B-00C04F79EFBC}") = "CalculationDemo", "CalculationDemo\CalculationDemo.csproj", "{836D435A-1C45-4188-88B4-8F0A9946F770}"
EndProject
Project("{FAE04EC0-301F-11D3-BF4B-00C04F79EFBC}") = "XUnitTestDemo", "XUnitTestDemo\XUnitTestDemo.csproj", "{5D0BB2EB-7190-4A09-89D1-8901AD8091B6}"
EndProject
Global
	GlobalSection(SolutionConfigurationPlatforms) = preSolution
		Debug|Any CPU = Debug|Any CPU
		Release|Any CPU = Release|Any CPU
	EndGlobalSection
	GlobalSection(ProjectConfigurationPlatforms) = postSolution
		{836D435A-1C45-4188-88B4-8F0A9946F770}.Debug|Any CPU.ActiveCfg = Debug|Any CPU
		{836D435A-1C45-4188-88B4-8F0A9946F770}.Debug|Any CPU.Build.0 = Debug|Any CPU
		{836D435A-1C45-4188-88B4-8F0A9946F770}.Release|Any CPU.ActiveCfg = Release|Any CPU
		{836D435A-1C45-4188-88B4-8F0A9946F770}.Release|Any CPU.Build.0 = Release|Any CPU
		{5D0BB2EB-7190-4A09-89D1-8901AD8091B6}.Debug|Any CPU.ActiveCfg = Debug|Any CPU
		{5D0BB2EB-7190-4A09-89D1-8901AD8091B6}.Debug|Any CPU.Build.0 = Debug|Any CPU
		{5D0BB2EB-7190-4A09-89D1-8901AD8091B6}.Release|Any CPU.ActiveCfg = Release|Any CPU
		{5D0BB2EB-7190-4A09-89D1-8901AD8091B6}.Release|Any CPU.Build.0 = Release|Any CPU
	EndGlobalSection
	GlobalSection(SolutionProperties) = preSolution
		HideSolutionNode = FALSE
	EndGlobalSection
	GlobalSection(ExtensibilityGlobals) = postSolution
		SolutionGuid = {623EF711-05B1-429A-BBDE-9E6C8D6AEBBE}
	EndGlobalSection
EndGlobal
