
Microsoft Visual Studio Solution File, Format Version 12.00
# Visual Studio Version 16
VisualStudioVersion = 16.0.31624.102
MinimumVisualStudioVersion = 10.0.40219.1
Project("{FAE04EC0-301F-11D3-BF4B-00C04F79EFBC}") = "GenericTypeDemo", "GenericTypeDemo.csproj", "{AB3CD502-DB11-4214-9074-C2DECE835E4C}"
EndProject
Global
	GlobalSection(SolutionConfigurationPlatforms) = preSolution
		Debug|Any CPU = Debug|Any CPU
		Release|Any CPU = Release|Any CPU
	EndGlobalSection
	GlobalSection(ProjectConfigurationPlatforms) = postSolution
		{AB3CD502-DB11-4214-9074-C2DECE835E4C}.Debug|Any CPU.ActiveCfg = Debug|Any CPU
		{AB3CD502-DB11-4214-9074-C2DECE835E4C}.Debug|Any CPU.Build.0 = Debug|Any CPU
		{AB3CD502-DB11-4214-9074-C2DECE835E4C}.Release|Any CPU.ActiveCfg = Release|Any CPU
		{AB3CD502-DB11-4214-9074-C2DECE835E4C}.Release|Any CPU.Build.0 = Release|Any CPU
	EndGlobalSection
	GlobalSection(SolutionProperties) = preSolution
		HideSolutionNode = FALSE
	EndGlobalSection
	GlobalSection(ExtensibilityGlobals) = postSolution
		SolutionGuid = {0E0B42B2-7BAD-4155-892B-AA2C8C292209}
	EndGlobalSection
EndGlobal
