
Microsoft Visual Studio Solution File, Format Version 12.00
# Visual Studio Version 17
VisualStudioVersion = 17.5.33516.290
MinimumVisualStudioVersion = 10.0.40219.1
Project("{FAE04EC0-301F-11D3-BF4B-00C04F79EFBC}") = "Log4NetDemo", "Log4NetDemo\Log4NetDemo.csproj", "{021BAAE1-80F0-4A45-85CF-5A6D8A24AF05}"
EndProject
Global
	GlobalSection(SolutionConfigurationPlatforms) = preSolution
		Debug|Any CPU = Debug|Any CPU
		Release|Any CPU = Release|Any CPU
	EndGlobalSection
	GlobalSection(ProjectConfigurationPlatforms) = postSolution
		{021BAAE1-80F0-4A45-85CF-5A6D8A24AF05}.Debug|Any CPU.ActiveCfg = Debug|Any CPU
		{021BAAE1-80F0-4A45-85CF-5A6D8A24AF05}.Debug|Any CPU.Build.0 = Debug|Any CPU
		{021BAAE1-80F0-4A45-85CF-5A6D8A24AF05}.Release|Any CPU.ActiveCfg = Release|Any CPU
		{021BAAE1-80F0-4A45-85CF-5A6D8A24AF05}.Release|Any CPU.Build.0 = Release|Any CPU
	EndGlobalSection
	GlobalSection(SolutionProperties) = preSolution
		HideSolutionNode = FALSE
	EndGlobalSection
	GlobalSection(ExtensibilityGlobals) = postSolution
		SolutionGuid = {445D44DF-8568-468D-A42F-5895E015ADFE}
	EndGlobalSection
EndGlobal
