
Microsoft Visual Studio Solution File, Format Version 12.00
# Visual Studio Version 17
VisualStudioVersion = 17.5.33516.290
MinimumVisualStudioVersion = 10.0.40219.1
Project("{FAE04EC0-301F-11D3-BF4B-00C04F79EFBC}") = "MyBooksDemo", "MyBooksDemo\MyBooksDemo.csproj", "{53CFC518-5FEC-4B3F-B228-6C22B1680183}"
EndProject
Global
	GlobalSection(SolutionConfigurationPlatforms) = preSolution
		Debug|Any CPU = Debug|Any CPU
		Release|Any CPU = Release|Any CPU
	EndGlobalSection
	GlobalSection(ProjectConfigurationPlatforms) = postSolution
		{53CFC518-5FEC-4B3F-B228-6C22B1680183}.Debug|Any CPU.ActiveCfg = Debug|Any CPU
		{53CFC518-5FEC-4B3F-B228-6C22B1680183}.Debug|Any CPU.Build.0 = Debug|Any CPU
		{53CFC518-5FEC-4B3F-B228-6C22B1680183}.Release|Any CPU.ActiveCfg = Release|Any CPU
		{53CFC518-5FEC-4B3F-B228-6C22B1680183}.Release|Any CPU.Build.0 = Release|Any CPU
	EndGlobalSection
	GlobalSection(SolutionProperties) = preSolution
		HideSolutionNode = FALSE
	EndGlobalSection
	GlobalSection(ExtensibilityGlobals) = postSolution
		SolutionGuid = {E8B2725D-267E-473C-B4DA-54762CC2C041}
	EndGlobalSection
EndGlobal
