
Microsoft Visual Studio Solution File, Format Version 12.00
# Visual Studio Version 16
VisualStudioVersion = 16.0.31624.102
MinimumVisualStudioVersion = 10.0.40219.1
Project("{FAE04EC0-301F-11D3-BF4B-00C04F79EFBC}") = "InheritanceDemo", "InheritanceDemo.csproj", "{FB04D493-9B0B-4C69-89F7-FC3216EEF11A}"
EndProject
Global
	GlobalSection(SolutionConfigurationPlatforms) = preSolution
		Debug|Any CPU = Debug|Any CPU
		Release|Any CPU = Release|Any CPU
	EndGlobalSection
	GlobalSection(ProjectConfigurationPlatforms) = postSolution
		{FB04D493-9B0B-4C69-89F7-FC3216EEF11A}.Debug|Any CPU.ActiveCfg = Debug|Any CPU
		{FB04D493-9B0B-4C69-89F7-FC3216EEF11A}.Debug|Any CPU.Build.0 = Debug|Any CPU
		{FB04D493-9B0B-4C69-89F7-FC3216EEF11A}.Release|Any CPU.ActiveCfg = Release|Any CPU
		{FB04D493-9B0B-4C69-89F7-FC3216EEF11A}.Release|Any CPU.Build.0 = Release|Any CPU
	EndGlobalSection
	GlobalSection(SolutionProperties) = preSolution
		HideSolutionNode = FALSE
	EndGlobalSection
	GlobalSection(ExtensibilityGlobals) = postSolution
		SolutionGuid = {C2FE9E9C-3B77-4FB1-9334-8917CBE2135F}
	EndGlobalSection
EndGlobal
