
Microsoft Visual Studio Solution File, Format Version 12.00
# Visual Studio Version 17
VisualStudioVersion = 17.5.33516.290
MinimumVisualStudioVersion = 10.0.40219.1
Project("{FAE04EC0-301F-11D3-BF4B-00C04F79EFBC}") = "DbFirstApproach", "DbFirstApproach\DbFirstApproach.csproj", "{D3FA0DD2-5004-4811-B71B-84E602ED6E27}"
EndProject
Global
	GlobalSection(SolutionConfigurationPlatforms) = preSolution
		Debug|Any CPU = Debug|Any CPU
		Release|Any CPU = Release|Any CPU
	EndGlobalSection
	GlobalSection(ProjectConfigurationPlatforms) = postSolution
		{D3FA0DD2-5004-4811-B71B-84E602ED6E27}.Debug|Any CPU.ActiveCfg = Debug|Any CPU
		{D3FA0DD2-5004-4811-B71B-84E602ED6E27}.Debug|Any CPU.Build.0 = Debug|Any CPU
		{D3FA0DD2-5004-4811-B71B-84E602ED6E27}.Release|Any CPU.ActiveCfg = Release|Any CPU
		{D3FA0DD2-5004-4811-B71B-84E602ED6E27}.Release|Any CPU.Build.0 = Release|Any CPU
	EndGlobalSection
	GlobalSection(SolutionProperties) = preSolution
		HideSolutionNode = FALSE
	EndGlobalSection
	GlobalSection(ExtensibilityGlobals) = postSolution
		SolutionGuid = {8B32F727-956A-4B7B-ABDE-6F651A87F2AC}
	EndGlobalSection
EndGlobal
