
Microsoft Visual Studio Solution File, Format Version 12.00
# Visual Studio Version 16
VisualStudioVersion = 16.0.31624.102
MinimumVisualStudioVersion = 10.0.40219.1
Project("{FAE04EC0-301F-11D3-BF4B-00C04F79EFBC}") = "QueueDemo", "QueueDemo.csproj", "{EF135984-BF1B-4242-9A00-EC5F5F4712B3}"
EndProject
Global
	GlobalSection(SolutionConfigurationPlatforms) = preSolution
		Debug|Any CPU = Debug|Any CPU
		Release|Any CPU = Release|Any CPU
	EndGlobalSection
	GlobalSection(ProjectConfigurationPlatforms) = postSolution
		{EF135984-BF1B-4242-9A00-EC5F5F4712B3}.Debug|Any CPU.ActiveCfg = Debug|Any CPU
		{EF135984-BF1B-4242-9A00-EC5F5F4712B3}.Debug|Any CPU.Build.0 = Debug|Any CPU
		{EF135984-BF1B-4242-9A00-EC5F5F4712B3}.Release|Any CPU.ActiveCfg = Release|Any CPU
		{EF135984-BF1B-4242-9A00-EC5F5F4712B3}.Release|Any CPU.Build.0 = Release|Any CPU
	EndGlobalSection
	GlobalSection(SolutionProperties) = preSolution
		HideSolutionNode = FALSE
	EndGlobalSection
	GlobalSection(ExtensibilityGlobals) = postSolution
		SolutionGuid = {C1054D60-CE3F-4291-BABB-776EC81AEA57}
	EndGlobalSection
EndGlobal
