
Microsoft Visual Studio Solution File, Format Version 12.00
# Visual Studio Version 16
VisualStudioVersion = 16.0.31624.102
MinimumVisualStudioVersion = 10.0.40219.1
Project("{FAE04EC0-301F-11D3-BF4B-00C04F79EFBC}") = "MyBooks", "MyBooks\MyBooks.csproj", "{59412ED5-2B04-482A-A93C-FA792EE16646}"
EndProject
Global
	GlobalSection(SolutionConfigurationPlatforms) = preSolution
		Debug|Any CPU = Debug|Any CPU
		Release|Any CPU = Release|Any CPU
	EndGlobalSection
	GlobalSection(ProjectConfigurationPlatforms) = postSolution
		{59412ED5-2B04-482A-A93C-FA792EE16646}.Debug|Any CPU.ActiveCfg = Debug|Any CPU
		{59412ED5-2B04-482A-A93C-FA792EE16646}.Debug|Any CPU.Build.0 = Debug|Any CPU
		{59412ED5-2B04-482A-A93C-FA792EE16646}.Release|Any CPU.ActiveCfg = Release|Any CPU
		{59412ED5-2B04-482A-A93C-FA792EE16646}.Release|Any CPU.Build.0 = Release|Any CPU
	EndGlobalSection
	GlobalSection(SolutionProperties) = preSolution
		HideSolutionNode = FALSE
	EndGlobalSection
	GlobalSection(ExtensibilityGlobals) = postSolution
		SolutionGuid = {9AD17AC0-FF3B-4BEC-9AA5-94462579C477}
	EndGlobalSection
EndGlobal
