
Microsoft Visual Studio Solution File, Format Version 12.00
# Visual Studio Version 16
VisualStudioVersion = 16.0.31624.102
MinimumVisualStudioVersion = 10.0.40219.1
Project("{FAE04EC0-301F-11D3-BF4B-00C04F79EFBC}") = "StringDemoApp", "StringDemoApp.csproj", "{388B83D7-049B-4BE4-AB97-5BEC19D91278}"
EndProject
Global
	GlobalSection(SolutionConfigurationPlatforms) = preSolution
		Debug|Any CPU = Debug|Any CPU
		Release|Any CPU = Release|Any CPU
	EndGlobalSection
	GlobalSection(ProjectConfigurationPlatforms) = postSolution
		{388B83D7-049B-4BE4-AB97-5BEC19D91278}.Debug|Any CPU.ActiveCfg = Debug|Any CPU
		{388B83D7-049B-4BE4-AB97-5BEC19D91278}.Debug|Any CPU.Build.0 = Debug|Any CPU
		{388B83D7-049B-4BE4-AB97-5BEC19D91278}.Release|Any CPU.ActiveCfg = Release|Any CPU
		{388B83D7-049B-4BE4-AB97-5BEC19D91278}.Release|Any CPU.Build.0 = Release|Any CPU
	EndGlobalSection
	GlobalSection(SolutionProperties) = preSolution
		HideSolutionNode = FALSE
	EndGlobalSection
	GlobalSection(ExtensibilityGlobals) = postSolution
		SolutionGuid = {3C4FA31D-6FFA-47D9-8420-503FA0C3932F}
	EndGlobalSection
EndGlobal
