
Microsoft Visual Studio Solution File, Format Version 12.00
# Visual Studio Version 16
VisualStudioVersion = 16.0.33423.256
MinimumVisualStudioVersion = 10.0.40219.1
Project("{FAE04EC0-301F-11D3-BF4B-00C04F79EFBC}") = "LoggingDemo", "LoggingDemo\LoggingDemo.csproj", "{EE773748-5D4A-4D5A-854F-18D415AC262A}"
EndProject
Global
	GlobalSection(SolutionConfigurationPlatforms) = preSolution
		Debug|Any CPU = Debug|Any CPU
		Release|Any CPU = Release|Any CPU
	EndGlobalSection
	GlobalSection(ProjectConfigurationPlatforms) = postSolution
		{EE773748-5D4A-4D5A-854F-18D415AC262A}.Debug|Any CPU.ActiveCfg = Debug|Any CPU
		{EE773748-5D4A-4D5A-854F-18D415AC262A}.Debug|Any CPU.Build.0 = Debug|Any CPU
		{EE773748-5D4A-4D5A-854F-18D415AC262A}.Release|Any CPU.ActiveCfg = Release|Any CPU
		{EE773748-5D4A-4D5A-854F-18D415AC262A}.Release|Any CPU.Build.0 = Release|Any CPU
	EndGlobalSection
	GlobalSection(SolutionProperties) = preSolution
		HideSolutionNode = FALSE
	EndGlobalSection
	GlobalSection(ExtensibilityGlobals) = postSolution
		SolutionGuid = {31FFDE9F-7D0F-4F56-B3F2-18AF777BAB9C}
	EndGlobalSection
EndGlobal
