
Microsoft Visual Studio Solution File, Format Version 12.00
# Visual Studio Version 16
VisualStudioVersion = 16.0.31624.102
MinimumVisualStudioVersion = 10.0.40219.1
Project("{FAE04EC0-301F-11D3-BF4B-00C04F79EFBC}") = "SampleDemo", "SampleDemo\SampleDemo.csproj", "{1CE2899D-3389-4642-967A-0520D0ED75FA}"
EndProject
Global
	GlobalSection(SolutionConfigurationPlatforms) = preSolution
		Debug|Any CPU = Debug|Any CPU
		Release|Any CPU = Release|Any CPU
	EndGlobalSection
	GlobalSection(ProjectConfigurationPlatforms) = postSolution
		{1CE2899D-3389-4642-967A-0520D0ED75FA}.Debug|Any CPU.ActiveCfg = Debug|Any CPU
		{1CE2899D-3389-4642-967A-0520D0ED75FA}.Debug|Any CPU.Build.0 = Debug|Any CPU
		{1CE2899D-3389-4642-967A-0520D0ED75FA}.Release|Any CPU.ActiveCfg = Release|Any CPU
		{1CE2899D-3389-4642-967A-0520D0ED75FA}.Release|Any CPU.Build.0 = Release|Any CPU
	EndGlobalSection
	GlobalSection(SolutionProperties) = preSolution
		HideSolutionNode = FALSE
	EndGlobalSection
	GlobalSection(ExtensibilityGlobals) = postSolution
		SolutionGuid = {E5D0EF9E-5840-4879-9F67-BACE23D14040}
	EndGlobalSection
EndGlobal
